
Microsoft Visual Studio Solution File, Format Version 12.00
# Visual Studio 15
VisualStudioVersion = 15.0.27130.2027
MinimumVisualStudioVersion = 10.0.40219.1
Project("{FAE04EC0-301F-11D3-BF4B-00C04F79EFBC}") = "MM_Management", "MM_Management\MM_Management.csproj", "{5305B6A1-4884-47D3-8FC1-F079BE247985}"
EndProject
Global
	GlobalSection(SolutionConfigurationPlatforms) = preSolution
		Debug|Any CPU = Debug|Any CPU
		Release|Any CPU = Release|Any CPU
	EndGlobalSection
	GlobalSection(ProjectConfigurationPlatforms) = postSolution
		{5305B6A1-4884-47D3-8FC1-F079BE247985}.Debug|Any CPU.ActiveCfg = Debug|Any CPU
		{5305B6A1-4884-47D3-8FC1-F079BE247985}.Debug|Any CPU.Build.0 = Debug|Any CPU
		{5305B6A1-4884-47D3-8FC1-F079BE247985}.Release|Any CPU.ActiveCfg = Release|Any CPU
		{5305B6A1-4884-47D3-8FC1-F079BE247985}.Release|Any CPU.Build.0 = Release|Any CPU
	EndGlobalSection
	GlobalSection(SolutionProperties) = preSolution
		HideSolutionNode = FALSE
	EndGlobalSection
	GlobalSection(ExtensibilityGlobals) = postSolution
		SolutionGuid = {528761D3-172D-4E55-923C-D3B0FBA5F635}
	EndGlobalSection
EndGlobal
